// !$*UTF8*$!
{
	archiveVersion = 1;
	classes = {
	};
	objectVersion = 77;
	objects = {

/* Begin PBXContainerItemProxy section */
		DB63A60A2EC1FA9C0084D9AB /* PBXContainerItemProxy */ = {
			isa = PBXContainerItemProxy;
			containerPortal = DB63A5F02EC1FA990084D9AB /* Project object */;
			proxyType = 1;
			remoteGlobalIDString = DB63A5F72EC1FA990084D9AB;
			remoteInfo = "Compare Yourself";
		};
		DB63A6142EC1FA9C0084D9AB /* PBXContainerItemProxy */ = {
			isa = PBXContainerItemProxy;
			containerPortal = DB63A5F02EC1FA990084D9AB /* Project object */;
			proxyType = 1;
			remoteGlobalIDString = DB63A5F72EC1FA990084D9AB;
			remoteInfo = "Compare Yourself";
		};
/* End PBXContainerItemProxy section */

/* Begin PBXFileReference section */
		DB63A5F82EC1FA990084D9AB /* Compare Yourself.app */ = {isa = PBXFileReference; explicitFileType = wrapper.application; includeInIndex = 0; path = "Compare Yourself.app"; sourceTree = BUILT_PRODUCTS_DIR; };
		DB63A6092EC1FA9C0084D9AB /* Compare YourselfTests.xctest */ = {isa = PBXFileReference; explicitFileType = wrapper.cfbundle; includeInIndex = 0; path = "Compare YourselfTests.xctest"; sourceTree = BUILT_PRODUCTS_DIR; };
		DB63A6132EC1FA9C0084D9AB /* Compare YourselfUITests.xctest */ = {isa = PBXFileReference; explicitFileType = wrapper.cfbundle; includeInIndex = 0; path = "Compare YourselfUITests.xctest"; sourceTree = BUILT_PRODUCTS_DIR; };
/* End PBXFileReference section */

/* Begin PBXFileSystemSynchronizedBuildFileExceptionSet section */
		DB63A61B2EC1FA9C0084D9AB /* Exceptions for "Compare Yourself" folder in "Compare Yourself" target */ = {
			isa = PBXFileSystemSynchronizedBuildFileExceptionSet;
			membershipExceptions = (
				Info.plist,
			);
			target = DB63A5F72EC1FA990084D9AB /* Compare Yourself */;
		};
/* End PBXFileSystemSynchronizedBuildFileExceptionSet section */

/* Begin PBXFileSystemSynchronizedRootGroup section */
		DB63A5FA2EC1FA990084D9AB /* Compare Yourself */ = {
			isa = PBXFileSystemSynchronizedRootGroup;
			exceptions = (
				DB63A61B2EC1FA9C0084D9AB /* Exceptions for "Compare Yourself" folder in "Compare Yourself" target */,
			);
			path = "Compare Yourself";
			sourceTree = "<group>";
		};
		DB63A60C2EC1FA9C0084D9AB /* Compare YourselfTests */ = {
			isa = PBXFileSystemSynchronizedRootGroup;
			path = "Compare YourselfTests";
			sourceTree = "<group>";
		};
		DB63A6162EC1FA9C0084D9AB /* Compare YourselfUITests */ = {
			isa = PBXFileSystemSynchronizedRootGroup;
			path = "Compare YourselfUITests";
			sourceTree = "<group>";
		};
/* End PBXFileSystemSynchronizedRootGroup section */

/* Begin PBXFrameworksBuildPhase section */
		DB63A5F52EC1FA990084D9AB /* Frameworks */ = {
			isa = PBXFrameworksBuildPhase;
			buildActionMask = 2147483647;
			files = (
			);
			runOnlyForDeploymentPostprocessing = 0;
		};
		DB63A6062EC1FA9C0084D9AB /* Frameworks */ = {
			isa = PBXFrameworksBuildPhase;
			buildActionMask = 2147483647;
			files = (
			);
			runOnlyForDeploymentPostprocessing = 0;
		};
		DB63A6102EC1FA9C0084D9AB /* Frameworks */ = {
			isa = PBXFrameworksBuildPhase;
			buildActionMask = 2147483647;
			files = (
			);
			runOnlyForDeploymentPostprocessing = 0;
		};
/* End PBXFrameworksBuildPhase section */

/* Begin PBXGroup section */
		DB63A5EF2EC1FA990084D9AB = {
			isa = PBXGroup;
			children = (
				DB63A5FA2EC1FA990084D9AB /* Compare Yourself */,
				DB63A60C2EC1FA9C0084D9AB /* Compare YourselfTests */,
				DB63A6162EC1FA9C0084D9AB /* Compare YourselfUITests */,
				DB63A5F92EC1FA990084D9AB /* Products */,
			);
			sourceTree = "<group>";
		};
		DB63A5F92EC1FA990084D9AB /* Products */ = {
			isa = PBXGroup;
			children = (
				DB63A5F82EC1FA990084D9AB /* Compare Yourself.app */,
				DB63A6092EC1FA9C0084D9AB /* Compare YourselfTests.xctest */,
				DB63A6132EC1FA9C0084D9AB /* Compare YourselfUITests.xctest */,
			);
			name = Products;
			sourceTree = "<group>";
		};
/* End PBXGroup section */

/* Begin PBXNativeTarget section */
		DB63A5F72EC1FA990084D9AB /* Compare Yourself */ = {
			isa = PBXNativeTarget;
			buildConfigurationList = DB63A61C2EC1FA9C0084D9AB /* Build configuration list for PBXNativeTarget "Compare Yourself" */;
			buildPhases = (
				DB63A5F42EC1FA990084D9AB /* Sources */,
				DB63A5F52EC1FA990084D9AB /* Frameworks */,
				DB63A5F62EC1FA990084D9AB /* Resources */,
				DB63A6272EC8AEF40084D9AB /* SwiftLint */,
			);
			buildRules = (
			);
			dependencies = (
			);
			fileSystemSynchronizedGroups = (
				DB63A5FA2EC1FA990084D9AB /* Compare Yourself */,
			);
			name = "Compare Yourself";
			packageProductDependencies = (
			);
			productName = "Compare Yourself";
			productReference = DB63A5F82EC1FA990084D9AB /* Compare Yourself.app */;
			productType = "com.apple.product-type.application";
		};
		DB63A6082EC1FA9C0084D9AB /* Compare YourselfTests */ = {
			isa = PBXNativeTarget;
			buildConfigurationList = DB63A6212EC1FA9C0084D9AB /* Build configuration list for PBXNativeTarget "Compare YourselfTests" */;
			buildPhases = (
				DB63A6052EC1FA9C0084D9AB /* Sources */,
				DB63A6062EC1FA9C0084D9AB /* Frameworks */,
				DB63A6072EC1FA9C0084D9AB /* Resources */,
			);
			buildRules = (
			);
			dependencies = (
				DB63A60B2EC1FA9C0084D9AB /* PBXTargetDependency */,
			);
			fileSystemSynchronizedGroups = (
				DB63A60C2EC1FA9C0084D9AB /* Compare YourselfTests */,
			);
			name = "Compare YourselfTests";
			packageProductDependencies = (
			);
			productName = "Compare YourselfTests";
			productReference = DB63A6092EC1FA9C0084D9AB /* Compare YourselfTests.xctest */;
			productType = "com.apple.product-type.bundle.unit-test";
		};
		DB63A6122EC1FA9C0084D9AB /* Compare YourselfUITests */ = {
			isa = PBXNativeTarget;
			buildConfigurationList = DB63A6242EC1FA9C0084D9AB /* Build configuration list for PBXNativeTarget "Compare YourselfUITests" */;
			buildPhases = (
				DB63A60F2EC1FA9C0084D9AB /* Sources */,
				DB63A6102EC1FA9C0084D9AB /* Frameworks */,
				DB63A6112EC1FA9C0084D9AB /* Resources */,
			);
			buildRules = (
			);
			dependencies = (
				DB63A6152EC1FA9C0084D9AB /* PBXTargetDependency */,
			);
			fileSystemSynchronizedGroups = (
				DB63A6162EC1FA9C0084D9AB /* Compare YourselfUITests */,
			);
			name = "Compare YourselfUITests";
			packageProductDependencies = (
			);
			productName = "Compare YourselfUITests";
			productReference = DB63A6132EC1FA9C0084D9AB /* Compare YourselfUITests.xctest */;
			productType = "com.apple.product-type.bundle.ui-testing";
		};
/* End PBXNativeTarget section */

/* Begin PBXProject section */
		DB63A5F02EC1FA990084D9AB /* Project object */ = {
			isa = PBXProject;
			attributes = {
				BuildIndependentTargetsInParallel = 1;
				LastSwiftUpdateCheck = 2600;
				LastUpgradeCheck = 2600;
				TargetAttributes = {
					DB63A5F72EC1FA990084D9AB = {
						CreatedOnToolsVersion = 26.0;
					};
					DB63A6082EC1FA9C0084D9AB = {
						CreatedOnToolsVersion = 26.0;
						TestTargetID = DB63A5F72EC1FA990084D9AB;
					};
					DB63A6122EC1FA9C0084D9AB = {
						CreatedOnToolsVersion = 26.0;
						TestTargetID = DB63A5F72EC1FA990084D9AB;
					};
				};
			};
			buildConfigurationList = DB63A5F32EC1FA990084D9AB /* Build configuration list for PBXProject "Compare Yourself" */;
			developmentRegion = en;
			hasScannedForEncodings = 0;
			knownRegions = (
				en,
				Base,
			);
			mainGroup = DB63A5EF2EC1FA990084D9AB;
			minimizedProjectReferenceProxies = 1;
			preferredProjectObjectVersion = 77;
			productRefGroup = DB63A5F92EC1FA990084D9AB /* Products */;
			projectDirPath = "";
			projectRoot = "";
			targets = (
				DB63A5F72EC1FA990084D9AB /* Compare Yourself */,
				DB63A6082EC1FA9C0084D9AB /* Compare YourselfTests */,
				DB63A6122EC1FA9C0084D9AB /* Compare YourselfUITests */,
			);
		};
/* End PBXProject section */

/* Begin PBXResourcesBuildPhase section */
		DB63A5F62EC1FA990084D9AB /* Resources */ = {
			isa = PBXResourcesBuildPhase;
			buildActionMask = 2147483647;
			files = (
			);
			runOnlyForDeploymentPostprocessing = 0;
		};
		DB63A6072EC1FA9C0084D9AB /* Resources */ = {
			isa = PBXResourcesBuildPhase;
			buildActionMask = 2147483647;
			files = (
			);
			runOnlyForDeploymentPostprocessing = 0;
		};
		DB63A6112EC1FA9C0084D9AB /* Resources */ = {
			isa = PBXResourcesBuildPhase;
			buildActionMask = 2147483647;
			files = (
			);
			runOnlyForDeploymentPostprocessing = 0;
		};
/* End PBXResourcesBuildPhase section */

/* Begin PBXShellScriptBuildPhase section */
		DB63A6272EC8AEF40084D9AB /* SwiftLint */ = {
			isa = PBXShellScriptBuildPhase;
			buildActionMask = 2147483647;
			files = (
			);
			inputFileListPaths = (
			);
			inputPaths = (
				"$(SRCROOT)/.swiftlint.yml",
				"$(SRCROOT)/Compare Yourself",
				"$(SRCROOT)/Compare YourselfTests",
				"$(SRCROOT)/Compare YourselfUITests",
			);
			name = SwiftLint;
			outputFileListPaths = (
			);
			outputPaths = (
				"$(DERIVED_FILE_DIR)/swiftlint.log",
			);
			runOnlyForDeploymentPostprocessing = 0;
			shellPath = /bin/sh;
			shellScript = "export PATH=\"$PATH:/opt/homebrew/bin:/usr/local/bin\"\n\ncd \"${SRCROOT}\" || exit 1\n\nif which swiftlint >/dev/null; then\n  swiftlint --strict\nelse\n  echo \"error: SwiftLint not installed\"\n  exit 1\nfi\n";
		};
/* End PBXShellScriptBuildPhase section */

/* Begin PBXSourcesBuildPhase section */
		DB63A5F42EC1FA990084D9AB /* Sources */ = {
			isa = PBXSourcesBuildPhase;
			buildActionMask = 2147483647;
			files = (
			);
			runOnlyForDeploymentPostprocessing = 0;
		};
		DB63A6052EC1FA9C0084D9AB /* Sources */ = {
			isa = PBXSourcesBuildPhase;
			buildActionMask = 2147483647;
			files = (
			);
			runOnlyForDeploymentPostprocessing = 0;
		};
		DB63A60F2EC1FA9C0084D9AB /* Sources */ = {
			isa = PBXSourcesBuildPhase;
			buildActionMask = 2147483647;
			files = (
			);
			runOnlyForDeploymentPostprocessing = 0;
		};
/* End PBXSourcesBuildPhase section */

/* Begin PBXTargetDependency section */
		DB63A60B2EC1FA9C0084D9AB /* PBXTargetDependency */ = {
			isa = PBXTargetDependency;
			target = DB63A5F72EC1FA990084D9AB /* Compare Yourself */;
			targetProxy = DB63A60A2EC1FA9C0084D9AB /* PBXContainerItemProxy */;
		};
		DB63A6152EC1FA9C0084D9AB /* PBXTargetDependency */ = {
			isa = PBXTargetDependency;
			target = DB63A5F72EC1FA990084D9AB /* Compare Yourself */;
			targetProxy = DB63A6142EC1FA9C0084D9AB /* PBXContainerItemProxy */;
		};
/* End PBXTargetDependency section */

/* Begin XCBuildConfiguration section */
		DB63A61D2EC1FA9C0084D9AB /* Debug */ = {
			isa = XCBuildConfiguration;
			buildSettings = {
				ASSETCATALOG_COMPILER_APPICON_NAME = AppIcon;
				ASSETCATALOG_COMPILER_GLOBAL_ACCENT_COLOR_NAME = AccentColor;
				CODE_SIGN_ENTITLEMENTS = "Compare Yourself/Compare_Yourself.entitlements";
				CODE_SIGN_STYLE = Automatic;
				CURRENT_PROJECT_VERSION = 1;
				DEVELOPMENT_TEAM = FC3RG2JLGW;
				ENABLE_PREVIEWS = YES;
				GENERATE_INFOPLIST_FILE = YES;
				INFOPLIST_FILE = "Compare Yourself/Info.plist";
				INFOPLIST_KEY_UIApplicationSceneManifest_Generation = YES;
				INFOPLIST_KEY_UIApplicationSupportsIndirectInputEvents = YES;
				INFOPLIST_KEY_UILaunchScreen_Generation = YES;
				INFOPLIST_KEY_UISupportedInterfaceOrientations_iPad = "UIInterfaceOrientationPortrait UIInterfaceOrientationPortraitUpsideDown UIInterfaceOrientationLandscapeLeft UIInterfaceOrientationLandscapeRight";
				INFOPLIST_KEY_UISupportedInterfaceOrientations_iPhone = "UIInterfaceOrientationPortrait UIInterfaceOrientationLandscapeLeft UIInterfaceOrientationLandscapeRight";
				IPHONEOS_DEPLOYMENT_TARGET = 17.6;
				LD_RUNPATH_SEARCH_PATHS = (
					"$(inherited)",
					"@executable_path/Frameworks",
				);
				MARKETING_VERSION = 1.0;
				PRODUCT_BUNDLE_IDENTIFIER = "com.wojtowicz.Compare-Yourself";
				PRODUCT_NAME = "$(TARGET_NAME)";
				STRING_CATALOG_GENERATE_SYMBOLS = YES;
				SWIFT_APPROACHABLE_CONCURRENCY = YES;
				SWIFT_DEFAULT_ACTOR_ISOLATION = MainActor;
				SWIFT_EMIT_LOC_STRINGS = YES;
				SWIFT_UPCOMING_FEATURE_MEMBER_IMPORT_VISIBILITY = YES;
				SWIFT_VERSION = 6.0;
				TARGETED_DEVICE_FAMILY = "1,2";
			};
			name = Debug;
		};
		DB63A61E2EC1FA9C0084D9AB /* Release */ = {
			isa = XCBuildConfiguration;
			buildSettings = {
				ASSETCATALOG_COMPILER_APPICON_NAME = AppIcon;
				ASSETCATALOG_COMPILER_GLOBAL_ACCENT_COLOR_NAME = AccentColor;
				CODE_SIGN_ENTITLEMENTS = "Compare Yourself/Compare_Yourself.entitlements";
				CODE_SIGN_STYLE = Automatic;
				CURRENT_PROJECT_VERSION = 1;
				DEVELOPMENT_TEAM = FC3RG2JLGW;
				ENABLE_PREVIEWS = YES;
				GENERATE_INFOPLIST_FILE = YES;
				INFOPLIST_FILE = "Compare Yourself/Info.plist";
				INFOPLIST_KEY_UIApplicationSceneManifest_Generation = YES;
				INFOPLIST_KEY_UIApplicationSupportsIndirectInputEvents = YES;
				INFOPLIST_KEY_UILaunchScreen_Generation = YES;
				INFOPLIST_KEY_UISupportedInterfaceOrientations_iPad = "UIInterfaceOrientationPortrait UIInterfaceOrientationPortraitUpsideDown UIInterfaceOrientationLandscapeLeft UIInterfaceOrientationLandscapeRight";
				INFOPLIST_KEY_UISupportedInterfaceOrientations_iPhone = "UIInterfaceOrientationPortrait UIInterfaceOrientationLandscapeLeft UIInterfaceOrientationLandscapeRight";
				IPHONEOS_DEPLOYMENT_TARGET = 17.6;
				LD_RUNPATH_SEARCH_PATHS = (
					"$(inherited)",
					"@executable_path/Frameworks",
				);
				MARKETING_VERSION = 1.0;
				PRODUCT_BUNDLE_IDENTIFIER = "com.wojtowicz.Compare-Yourself";
				PRODUCT_NAME = "$(TARGET_NAME)";
				STRING_CATALOG_GENERATE_SYMBOLS = YES;
				SWIFT_APPROACHABLE_CONCURRENCY = YES;
				SWIFT_DEFAULT_ACTOR_ISOLATION = MainActor;
				SWIFT_EMIT_LOC_STRINGS = YES;
				SWIFT_UPCOMING_FEATURE_MEMBER_IMPORT_VISIBILITY = YES;
				SWIFT_VERSION = 6.0;
				TARGETED_DEVICE_FAMILY = "1,2";
			};
			name = Release;
		};
		DB63A61F2EC1FA9C0084D9AB /* Debug */ = {
			isa = XCBuildConfiguration;
			buildSettings = {
				ALWAYS_SEARCH_USER_PATHS = NO;
				ASSETCATALOG_COMPILER_GENERATE_SWIFT_ASSET_SYMBOL_EXTENSIONS = YES;
				CLANG_ANALYZER_NONNULL = YES;
				CLANG_ANALYZER_NUMBER_OBJECT_CONVERSION = YES_AGGRESSIVE;
				CLANG_CXX_LANGUAGE_STANDARD = "gnu++20";
				CLANG_ENABLE_MODULES = YES;
				CLANG_ENABLE_OBJC_ARC = YES;
				CLANG_ENABLE_OBJC_WEAK = YES;
				CLANG_WARN_BLOCK_CAPTURE_AUTORELEASING = YES;
				CLANG_WARN_BOOL_CONVERSION = YES;
				CLANG_WARN_COMMA = YES;
				CLANG_WARN_CONSTANT_CONVERSION = YES;
				CLANG_WARN_DEPRECATED_OBJC_IMPLEMENTATIONS = YES;
				CLANG_WARN_DIRECT_OBJC_ISA_USAGE = YES_ERROR;
				CLANG_WARN_DOCUMENTATION_COMMENTS = YES;
				CLANG_WARN_EMPTY_BODY = YES;
				CLANG_WARN_ENUM_CONVERSION = YES;
				CLANG_WARN_INFINITE_RECURSION = YES;
				CLANG_WARN_INT_CONVERSION = YES;
				CLANG_WARN_NON_LITERAL_NULL_CONVERSION = YES;
				CLANG_WARN_OBJC_IMPLICIT_RETAIN_SELF = YES;
				CLANG_WARN_OBJC_LITERAL_CONVERSION = YES;
				CLANG_WARN_OBJC_ROOT_CLASS = YES_ERROR;
				CLANG_WARN_QUOTED_INCLUDE_IN_FRAMEWORK_HEADER = YES;
				CLANG_WARN_RANGE_LOOP_ANALYSIS = YES;
				CLANG_WARN_STRICT_PROTOTYPES = YES;
				CLANG_WARN_SUSPICIOUS_MOVE = YES;
				CLANG_WARN_UNGUARDED_AVAILABILITY = YES_AGGRESSIVE;
				CLANG_WARN_UNREACHABLE_CODE = YES;
				CLANG_WARN__DUPLICATE_METHOD_MATCH = YES;
				COPY_PHASE_STRIP = NO;
				DEBUG_INFORMATION_FORMAT = dwarf;
				DEVELOPMENT_TEAM = FC3RG2JLGW;
				ENABLE_STRICT_OBJC_MSGSEND = YES;
				ENABLE_TESTABILITY = YES;
				ENABLE_USER_SCRIPT_SANDBOXING = YES;
				GCC_C_LANGUAGE_STANDARD = gnu17;
				GCC_DYNAMIC_NO_PIC = NO;
				GCC_NO_COMMON_BLOCKS = YES;
				GCC_OPTIMIZATION_LEVEL = 0;
				GCC_PREPROCESSOR_DEFINITIONS = (
					"DEBUG=1",
					"$(inherited)",
				);
				GCC_WARN_64_TO_32_BIT_CONVERSION = YES;
				GCC_WARN_ABOUT_RETURN_TYPE = YES_ERROR;
				GCC_WARN_UNDECLARED_SELECTOR = YES;
				GCC_WARN_UNINITIALIZED_AUTOS = YES_AGGRESSIVE;
				GCC_WARN_UNUSED_FUNCTION = YES;
				GCC_WARN_UNUSED_VARIABLE = YES;
				IPHONEOS_DEPLOYMENT_TARGET = 26.0;
				LOCALIZATION_PREFERS_STRING_CATALOGS = YES;
				MTL_ENABLE_DEBUG_INFO = INCLUDE_SOURCE;
				MTL_FAST_MATH = YES;
				ONLY_ACTIVE_ARCH = YES;
				SDKROOT = iphoneos;
				SWIFT_ACTIVE_COMPILATION_CONDITIONS = "DEBUG $(inherited)";
				SWIFT_OPTIMIZATION_LEVEL = "-Onone";
			};
			name = Debug;
		};
		DB63A6202EC1FA9C0084D9AB /* Release */ = {
			isa = XCBuildConfiguration;
			buildSettings = {
				ALWAYS_SEARCH_USER_PATHS = NO;
				ASSETCATALOG_COMPILER_GENERATE_SWIFT_ASSET_SYMBOL_EXTENSIONS = YES;
				CLANG_ANALYZER_NONNULL = YES;
				CLANG_ANALYZER_NUMBER_OBJECT_CONVERSION = YES_AGGRESSIVE;
				CLANG_CXX_LANGUAGE_STANDARD = "gnu++20";
				CLANG_ENABLE_MODULES = YES;
				CLANG_ENABLE_OBJC_ARC = YES;
				CLANG_ENABLE_OBJC_WEAK = YES;
				CLANG_WARN_BLOCK_CAPTURE_AUTORELEASING = YES;
				CLANG_WARN_BOOL_CONVERSION = YES;
				CLANG_WARN_COMMA = YES;
				CLANG_WARN_CONSTANT_CONVERSION = YES;
				CLANG_WARN_DEPRECATED_OBJC_IMPLEMENTATIONS = YES;
				CLANG_WARN_DIRECT_OBJC_ISA_USAGE = YES_ERROR;
				CLANG_WARN_DOCUMENTATION_COMMENTS = YES;
				CLANG_WARN_EMPTY_BODY = YES;
				CLANG_WARN_ENUM_CONVERSION = YES;
				CLANG_WARN_INFINITE_RECURSION = YES;
				CLANG_WARN_INT_CONVERSION = YES;
				CLANG_WARN_NON_LITERAL_NULL_CONVERSION = YES;
				CLANG_WARN_OBJC_IMPLICIT_RETAIN_SELF = YES;
				CLANG_WARN_OBJC_LITERAL_CONVERSION = YES;
				CLANG_WARN_OBJC_ROOT_CLASS = YES_ERROR;
				CLANG_WARN_QUOTED_INCLUDE_IN_FRAMEWORK_HEADER = YES;
				CLANG_WARN_RANGE_LOOP_ANALYSIS = YES;
				CLANG_WARN_STRICT_PROTOTYPES = YES;
				CLANG_WARN_SUSPICIOUS_MOVE = YES;
				CLANG_WARN_UNGUARDED_AVAILABILITY = YES_AGGRESSIVE;
				CLANG_WARN_UNREACHABLE_CODE = YES;
				CLANG_WARN__DUPLICATE_METHOD_MATCH = YES;
				COPY_PHASE_STRIP = NO;
				DEBUG_INFORMATION_FORMAT = "dwarf-with-dsym";
				DEVELOPMENT_TEAM = FC3RG2JLGW;
				ENABLE_NS_ASSERTIONS = NO;
				ENABLE_STRICT_OBJC_MSGSEND = YES;
				ENABLE_USER_SCRIPT_SANDBOXING = YES;
				GCC_C_LANGUAGE_STANDARD = gnu17;
				GCC_NO_COMMON_BLOCKS = YES;
				GCC_WARN_64_TO_32_BIT_CONVERSION = YES;
				GCC_WARN_ABOUT_RETURN_TYPE = YES_ERROR;
				GCC_WARN_UNDECLARED_SELECTOR = YES;
				GCC_WARN_UNINITIALIZED_AUTOS = YES_AGGRESSIVE;
				GCC_WARN_UNUSED_FUNCTION = YES;
				GCC_WARN_UNUSED_VARIABLE = YES;
				IPHONEOS_DEPLOYMENT_TARGET = 26.0;
				LOCALIZATION_PREFERS_STRING_CATALOGS = YES;
				MTL_ENABLE_DEBUG_INFO = NO;
				MTL_FAST_MATH = YES;
				SDKROOT = iphoneos;
				SWIFT_COMPILATION_MODE = wholemodule;
				VALIDATE_PRODUCT = YES;
			};
			name = Release;
		};
		DB63A6222EC1FA9C0084D9AB /* Debug */ = {
			isa = XCBuildConfiguration;
			buildSettings = {
				BUNDLE_LOADER = "$(TEST_HOST)";
				CODE_SIGN_STYLE = Automatic;
				CURRENT_PROJECT_VERSION = 1;
				DEVELOPMENT_TEAM = FC3RG2JLGW;
				GENERATE_INFOPLIST_FILE = YES;
				IPHONEOS_DEPLOYMENT_TARGET = 26.0;
				MARKETING_VERSION = 1.0;
				PRODUCT_BUNDLE_IDENTIFIER = "com.wojtowicz.Compare-YourselfTests";
				PRODUCT_NAME = "$(TARGET_NAME)";
				STRING_CATALOG_GENERATE_SYMBOLS = NO;
				SWIFT_APPROACHABLE_CONCURRENCY = YES;
				SWIFT_EMIT_LOC_STRINGS = NO;
				SWIFT_UPCOMING_FEATURE_MEMBER_IMPORT_VISIBILITY = YES;
				SWIFT_VERSION = 5.0;
				TARGETED_DEVICE_FAMILY = "1,2";
				TEST_HOST = "$(BUILT_PRODUCTS_DIR)/Compare Yourself.app/$(BUNDLE_EXECUTABLE_FOLDER_PATH)/Compare Yourself";
			};
			name = Debug;
		};
		DB63A6232EC1FA9C0084D9AB /* Release */ = {
			isa = XCBuildConfiguration;
			buildSettings = {
				BUNDLE_LOADER = "$(TEST_HOST)";
				CODE_SIGN_STYLE = Automatic;
				CURRENT_PROJECT_VERSION = 1;
				DEVELOPMENT_TEAM = FC3RG2JLGW;
				GENERATE_INFOPLIST_FILE = YES;
				IPHONEOS_DEPLOYMENT_TARGET = 26.0;
				MARKETING_VERSION = 1.0;
				PRODUCT_BUNDLE_IDENTIFIER = "com.wojtowicz.Compare-YourselfTests";
				PRODUCT_NAME = "$(TARGET_NAME)";
				STRING_CATALOG_GENERATE_SYMBOLS = NO;
				SWIFT_APPROACHABLE_CONCURRENCY = YES;
				SWIFT_EMIT_LOC_STRINGS = NO;
				SWIFT_UPCOMING_FEATURE_MEMBER_IMPORT_VISIBILITY = YES;
				SWIFT_VERSION = 5.0;
				TARGETED_DEVICE_FAMILY = "1,2";
				TEST_HOST = "$(BUILT_PRODUCTS_DIR)/Compare Yourself.app/$(BUNDLE_EXECUTABLE_FOLDER_PATH)/Compare Yourself";
			};
			name = Release;
		};
		DB63A6252EC1FA9C0084D9AB /* Debug */ = {
			isa = XCBuildConfiguration;
			buildSettings = {
				CODE_SIGN_STYLE = Automatic;
				CURRENT_PROJECT_VERSION = 1;
				DEVELOPMENT_TEAM = FC3RG2JLGW;
				GENERATE_INFOPLIST_FILE = YES;
				MARKETING_VERSION = 1.0;
				PRODUCT_BUNDLE_IDENTIFIER = "com.wojtowicz.Compare-YourselfUITests";
				PRODUCT_NAME = "$(TARGET_NAME)";
				STRING_CATALOG_GENERATE_SYMBOLS = NO;
				SWIFT_APPROACHABLE_CONCURRENCY = YES;
				SWIFT_EMIT_LOC_STRINGS = NO;
				SWIFT_UPCOMING_FEATURE_MEMBER_IMPORT_VISIBILITY = YES;
				SWIFT_VERSION = 5.0;
				TARGETED_DEVICE_FAMILY = "1,2";
				TEST_TARGET_NAME = "Compare Yourself";
			};
			name = Debug;
		};
		DB63A6262EC1FA9C0084D9AB /* Release */ = {
			isa = XCBuildConfiguration;
			buildSettings = {
				CODE_SIGN_STYLE = Automatic;
				CURRENT_PROJECT_VERSION = 1;
				DEVELOPMENT_TEAM = FC3RG2JLGW;
				GENERATE_INFOPLIST_FILE = YES;
				MARKETING_VERSION = 1.0;
				PRODUCT_BUNDLE_IDENTIFIER = "com.wojtowicz.Compare-YourselfUITests";
				PRODUCT_NAME = "$(TARGET_NAME)";
				STRING_CATALOG_GENERATE_SYMBOLS = NO;
				SWIFT_APPROACHABLE_CONCURRENCY = YES;
				SWIFT_EMIT_LOC_STRINGS = NO;
				SWIFT_UPCOMING_FEATURE_MEMBER_IMPORT_VISIBILITY = YES;
				SWIFT_VERSION = 5.0;
				TARGETED_DEVICE_FAMILY = "1,2";
				TEST_TARGET_NAME = "Compare Yourself";
			};
			name = Release;
		};
/* End XCBuildConfiguration section */

/* Begin XCConfigurationList section */
		DB63A5F32EC1FA990084D9AB /* Build configuration list for PBXProject "Compare Yourself" */ = {
			isa = XCConfigurationList;
			buildConfigurations = (
				DB63A61F2EC1FA9C0084D9AB /* Debug */,
				DB63A6202EC1FA9C0084D9AB /* Release */,
			);
			defaultConfigurationIsVisible = 0;
			defaultConfigurationName = Release;
		};
		DB63A61C2EC1FA9C0084D9AB /* Build configuration list for PBXNativeTarget "Compare Yourself" */ = {
			isa = XCConfigurationList;
			buildConfigurations = (
				DB63A61D2EC1FA9C0084D9AB /* Debug */,
				DB63A61E2EC1FA9C0084D9AB /* Release */,
			);
			defaultConfigurationIsVisible = 0;
			defaultConfigurationName = Release;
		};
		DB63A6212EC1FA9C0084D9AB /* Build configuration list for PBXNativeTarget "Compare YourselfTests" */ = {
			isa = XCConfigurationList;
			buildConfigurations = (
				DB63A6222EC1FA9C0084D9AB /* Debug */,
				DB63A6232EC1FA9C0084D9AB /* Release */,
			);
			defaultConfigurationIsVisible = 0;
			defaultConfigurationName = Release;
		};
		DB63A6242EC1FA9C0084D9AB /* Build configuration list for PBXNativeTarget "Compare YourselfUITests" */ = {
			isa = XCConfigurationList;
			buildConfigurations = (
				DB63A6252EC1FA9C0084D9AB /* Debug */,
				DB63A6262EC1FA9C0084D9AB /* Release */,
			);
			defaultConfigurationIsVisible = 0;
			defaultConfigurationName = Release;
		};
/* End XCConfigurationList section */
	};
	rootObject = DB63A5F02EC1FA990084D9AB /* Project object */;
}
